
Microsoft Visual Studio Solution File, Format Version 12.00
# Visual Studio Version 16
VisualStudioVersion = 16.0.29123.88
MinimumVisualStudioVersion = 10.0.40219.1
Project("{FAE04EC0-301F-11D3-BF4B-00C04F79EFBC}") = "VFEMedieval", "VFEMedieval.csproj", "{FD0467CB-B509-496E-8755-C3B86D1EE432}"
EndProject
Global
	GlobalSection(SolutionConfigurationPlatforms) = preSolution
		Debug|Any CPU = Debug|Any CPU
		Release|Any CPU = Release|Any CPU
	EndGlobalSection
	GlobalSection(ProjectConfigurationPlatforms) = postSolution
		{FD0467CB-B509-496E-8755-C3B86D1EE432}.Debug|Any CPU.ActiveCfg = Debug|Any CPU
		{FD0467CB-B509-496E-8755-C3B86D1EE432}.Debug|Any CPU.Build.0 = Debug|Any CPU
		{FD0467CB-B509-496E-8755-C3B86D1EE432}.Release|Any CPU.ActiveCfg = Release|Any CPU
		{FD0467CB-B509-496E-8755-C3B86D1EE432}.Release|Any CPU.Build.0 = Release|Any CPU
	EndGlobalSection
	GlobalSection(SolutionProperties) = preSolution
		HideSolutionNode = FALSE
	EndGlobalSection
	GlobalSection(ExtensibilityGlobals) = postSolution
		SolutionGuid = {15C15B9B-5DFE-4104-BB06-32C167A0ADB4}
	EndGlobalSection
EndGlobal
